{
  "name": "as-frontend",
  "version": "1.0.0",
  "lockfileVersion": 3,
  "requires": true,
  "packages": {
    "": {
      "name": "as-frontend",
      "version": "1.0.0",
      "hasInstallScript": true,
      "license": "ISC",
      "dependencies": {
        "@uiw/react-color-chrome": "^1.3.3",
        "react": "^17.0.2",
        "react-dom": "^17.0.2"
      },
      "devDependencies": {
        "@happy-dom/global-registrator": "^12.9.1",
        "happy-dom": "^12.9.1"
      }
    },
    "node_modules/@babel/runtime": {
      "version": "7.22.15",
      "resolved": "https://registry.npmjs.org/@babel/runtime/-/runtime-7.22.15.tgz",
      "integrity": "sha512-T0O+aa+4w0u06iNmapipJXMV4HoUir03hpx3/YqXXhu9xim3w+dVphjFWl1OH8NbZHw5Lbm9k45drDkgq2VNNA==",
      "peer": true,
      "dependencies": {
        "regenerator-runtime": "^0.14.0"
      },
      "engines": {
        "node": ">=6.9.0"
      }
    },
    "node_modules/@happy-dom/global-registrator": {
      "version": "12.9.1",
      "resolved": "https://registry.npmjs.org/@happy-dom/global-registrator/-/global-registrator-12.9.1.tgz",
      "integrity": "sha512-25A3ScXgaWF2VIzHrhaJ0ERp84yIEYvib5Lv8OZTwLGd5ZUnBvPBlnAblO7WmimSDhaCELljd5J28r9gnyTyKQ==",
      "dev": true,
      "dependencies": {
        "happy-dom": "12.9.1"
      }
    },
    "node_modules/@uiw/color-convert": {
      "version": "1.3.3",
      "resolved": "https://registry.npmjs.org/@uiw/color-convert/-/color-convert-1.3.3.tgz",
      "integrity": "sha512-lCnDyNnHEYY1flsjSBkTodrEUG/YemWrzSwr7r7h8ZZdjk0RRMdIwbgMerOEODYQDh8vtoaorbJncshJ2Z2CSQ==",
      "peerDependencies": {
        "@babel/runtime": ">=7.19.0"
      }
    },
    "node_modules/@uiw/react-color-alpha": {
      "version": "1.3.3",
      "resolved": "https://registry.npmjs.org/@uiw/react-color-alpha/-/react-color-alpha-1.3.3.tgz",
      "integrity": "sha512-GmK/Dyj5TlLzt5Epcwry+9K4BPsqyPPhV09rsKKyiVa+/4XHRQRj97fjJ0GHgae6+71BPoIC9ulAR/VnmK3lrg==",
      "dependencies": {
        "@uiw/color-convert": "1.3.3",
        "@uiw/react-drag-event-interactive": "1.3.3"
      },
      "peerDependencies": {
        "@babel/runtime": ">=7.19.0",
        "react": ">=16.9.0",
        "react-dom": ">=16.9.0"
      }
    },
    "node_modules/@uiw/react-color-chrome": {
      "version": "1.3.3",
      "resolved": "https://registry.npmjs.org/@uiw/react-color-chrome/-/react-color-chrome-1.3.3.tgz",
      "integrity": "sha512-M/+svpgxmOVO/S/Nh0i/9ZWa+ATr+5DSYXGl5Ki/YvviyvBW4pHRmjXkOuL6j1U82xrxnOgxJVy2KJqVibMFPg==",
      "dependencies": {
        "@uiw/color-convert": "1.3.3",
        "@uiw/react-color-alpha": "1.3.3",
        "@uiw/react-color-editable-input": "1.3.3",
        "@uiw/react-color-editable-input-hsla": "1.3.3",
        "@uiw/react-color-editable-input-rgba": "1.3.3",
        "@uiw/react-color-github": "1.3.3",
        "@uiw/react-color-hue": "1.3.3",
        "@uiw/react-color-saturation": "1.3.3"
      },
      "peerDependencies": {
        "@babel/runtime": ">=7.19.0",
        "react": ">=16.9.0",
        "react-dom": ">=16.9.0"
      }
    },
    "node_modules/@uiw/react-color-editable-input": {
      "version": "1.3.3",
      "resolved": "https://registry.npmjs.org/@uiw/react-color-editable-input/-/react-color-editable-input-1.3.3.tgz",
      "integrity": "sha512-n7RrVxpIDBueqCfwpx1zaKTqdk5DWTKWNii1NErM7VlLa2PSA2zZrdMeB8JkhwQAgCPKvEfv2f67tO5wkY/uTg==",
      "peerDependencies": {
        "@babel/runtime": ">=7.19.0",
        "react": ">=16.9.0",
        "react-dom": ">=16.9.0"
      }
    },
    "node_modules/@uiw/react-color-editable-input-hsla": {
      "version": "1.3.3",
      "resolved": "https://registry.npmjs.org/@uiw/react-color-editable-input-hsla/-/react-color-editable-input-hsla-1.3.3.tgz",
      "integrity": "sha512-9bvzRLMZudIcGjs6R2K5M9W1Hj23gMuiZFKErneJ+QqxrFtZ2da/jMyfFUAfLA9fI4c6EaqKsKYuEKTu62jW8w==",
      "dependencies": {
        "@uiw/color-convert": "1.3.3",
        "@uiw/react-color-editable-input-rgba": "1.3.3"
      },
      "peerDependencies": {
        "@babel/runtime": ">=7.19.0",
        "react": ">=16.9.0",
        "react-dom": ">=16.9.0"
      }
    },
    "node_modules/@uiw/react-color-editable-input-rgba": {
      "version": "1.3.3",
      "resolved": "https://registry.npmjs.org/@uiw/react-color-editable-input-rgba/-/react-color-editable-input-rgba-1.3.3.tgz",
      "integrity": "sha512-FtbBLAQHHaNHM0ksagi6wCYV9rNjVI66cVHmzfMFtUm7XlXROSD5WTZsNJShY7o5yYcwWPTxACnKe7IXCdK4Eg==",
      "dependencies": {
        "@uiw/color-convert": "1.3.3",
        "@uiw/react-color-editable-input": "1.3.3"
      },
      "peerDependencies": {
        "@babel/runtime": ">=7.19.0",
        "react": ">=16.9.0",
        "react-dom": ">=16.9.0"
      }
    },
    "node_modules/@uiw/react-color-github": {
      "version": "1.3.3",
      "resolved": "https://registry.npmjs.org/@uiw/react-color-github/-/react-color-github-1.3.3.tgz",
      "integrity": "sha512-D6qc594DUg6ZZ1Ap2pDrxS/WtAwB3f4s3qFWP1T/Ylfpuoq0OuR3xJJzi7Y73h1tdLuQ598g86kwU0w298tHqw==",
      "dependencies": {
        "@uiw/color-convert": "1.3.3",
        "@uiw/react-color-swatch": "1.3.3"
      },
      "peerDependencies": {
        "@babel/runtime": ">=7.19.0",
        "react": ">=16.9.0",
        "react-dom": ">=16.9.0"
      }
    },
    "node_modules/@uiw/react-color-hue": {
      "version": "1.3.3",
      "resolved": "https://registry.npmjs.org/@uiw/react-color-hue/-/react-color-hue-1.3.3.tgz",
      "integrity": "sha512-TywdH89nxRG3pVmUTOzyEzg6nI0EI8VSA6Vh0Uh+gGZZQjgDM1ptCa7V5KyeKEfWCvaeo3RBAHPijFOKQrHqow==",
      "dependencies": {
        "@uiw/color-convert": "1.3.3",
        "@uiw/react-color-alpha": "1.3.3"
      },
      "peerDependencies": {
        "@babel/runtime": ">=7.19.0",
        "react": ">=16.9.0",
        "react-dom": ">=16.9.0"
      }
    },
    "node_modules/@uiw/react-color-saturation": {
      "version": "1.3.3",
      "resolved": "https://registry.npmjs.org/@uiw/react-color-saturation/-/react-color-saturation-1.3.3.tgz",
      "integrity": "sha512-gQNPaYgGbvE0Hq4pJjUNOfYuYFSV9QSWwPC23l9R/0WKdHci3ObHk8rycAkg9C6muV1ttBicqt9zqDVSwRHPrw==",
      "dependencies": {
        "@uiw/color-convert": "1.3.3",
        "@uiw/react-drag-event-interactive": "1.3.3"
      },
      "peerDependencies": {
        "@babel/runtime": ">=7.19.0",
        "react": ">=16.9.0",
        "react-dom": ">=16.9.0"
      }
    },
    "node_modules/@uiw/react-color-swatch": {
      "version": "1.3.3",
      "resolved": "https://registry.npmjs.org/@uiw/react-color-swatch/-/react-color-swatch-1.3.3.tgz",
      "integrity": "sha512-4RPHZO4mNmCLhbGoeCltauuGJSrSu15aR9mmUxa4gn8VdlnlxmWCG+Kq0jRQAN/pgvWuHbItYVR6a96TAq1UPA==",
      "dependencies": {
        "@uiw/color-convert": "1.3.3"
      },
      "peerDependencies": {
        "@babel/runtime": ">=7.19.0",
        "react": ">=16.9.0",
        "react-dom": ">=16.9.0"
      }
    },
    "node_modules/@uiw/react-drag-event-interactive": {
      "version": "1.3.3",
      "resolved": "https://registry.npmjs.org/@uiw/react-drag-event-interactive/-/react-drag-event-interactive-1.3.3.tgz",
      "integrity": "sha512-dHHr19i4sa21bTFAd5xufsSYGCDqLBttIRmfQSzIpI18NtjmxKVCGyPL0ysxinWBjFomTUczszY4+fTOXnq1jQ==",
      "peerDependencies": {
        "@babel/runtime": ">=7.19.0",
        "react": ">=16.9.0",
        "react-dom": ">=16.9.0"
      }
    },
    "node_modules/css.escape": {
      "version": "1.5.1",
      "resolved": "https://registry.npmjs.org/css.escape/-/css.escape-1.5.1.tgz",
      "integrity": "sha512-YUifsXXuknHlUsmlgyY0PKzgPOr7/FjCePfHNt0jxm83wHZi44VDMQ7/fGNkjY3/jV1MC+1CmZbaHzugyeRtpg==",
      "dev": true
    },
    "node_modules/entities": {
      "version": "4.5.0",
      "resolved": "https://registry.npmjs.org/entities/-/entities-4.5.0.tgz",
      "integrity": "sha512-V0hjH4dGPh9Ao5p0MoRY6BVqtwCjhz6vI5LT8AJ55H+4g9/4vbHx1I54fS0XuclLhDHArPQCiMjDxjaL8fPxhw==",
      "dev": true,
      "engines": {
        "node": ">=0.12"
      },
      "funding": {
        "url": "https://github.com/fb55/entities?sponsor=1"
      }
    },
    "node_modules/happy-dom": {
      "version": "12.9.1",
      "resolved": "https://registry.npmjs.org/happy-dom/-/happy-dom-12.9.1.tgz",
      "integrity": "sha512-UvQ3IwKn1G3iiNCdTrhijdLGqf8Vj7d3OpmYcPwlKakjFy83oYbW6TmOKDLMTVLO9whmOC1HIpS09wf/14k7cA==",
      "dev": true,
      "dependencies": {
        "css.escape": "^1.5.1",
        "entities": "^4.5.0",
        "iconv-lite": "^0.6.3",
        "webidl-conversions": "^7.0.0",
        "whatwg-encoding": "^2.0.0",
        "whatwg-mimetype": "^3.0.0"
      }
    },
    "node_modules/iconv-lite": {
      "version": "0.6.3",
      "resolved": "https://registry.npmjs.org/iconv-lite/-/iconv-lite-0.6.3.tgz",
      "integrity": "sha512-4fCk79wshMdzMp2rH06qWrJE4iolqLhCUH+OiuIgU++RB0+94NlDL81atO7GX55uUKueo0txHNtvEyI6D7WdMw==",
      "dev": true,
      "dependencies": {
        "safer-buffer": ">= 2.1.2 < 3.0.0"
      },
      "engines": {
        "node": ">=0.10.0"
      }
    },
    "node_modules/js-tokens": {
      "version": "4.0.0",
      "resolved": "https://registry.npmjs.org/js-tokens/-/js-tokens-4.0.0.tgz",
      "integrity": "sha512-RdJUflcE3cUzKiMqQgsCu06FPu9UdIJO0beYbPhHN4k6apgJtifcoCtT9bcxOpYBtpD2kCM6Sbzg4CausW/PKQ=="
    },
    "node_modules/loose-envify": {
      "version": "1.4.0",
      "resolved": "https://registry.npmjs.org/loose-envify/-/loose-envify-1.4.0.tgz",
      "integrity": "sha512-lyuxPGr/Wfhrlem2CL/UcnUc1zcqKAImBDzukY7Y5F/yQiNdko6+fRLevlw1HgMySw7f611UIY408EtxRSoK3Q==",
      "dependencies": {
        "js-tokens": "^3.0.0 || ^4.0.0"
      },
      "bin": {
        "loose-envify": "cli.js"
      }
    },
    "node_modules/object-assign": {
      "version": "4.1.1",
      "resolved": "https://registry.npmjs.org/object-assign/-/object-assign-4.1.1.tgz",
      "integrity": "sha512-rJgTQnkUnH1sFw8yT6VSU3zD3sWmu6sZhIseY8VX+GRu3P6F7Fu+JNDoXfklElbLJSnc3FUQHVe4cU5hj+BcUg==",
      "engines": {
        "node": ">=0.10.0"
      }
    },
    "node_modules/react": {
      "version": "17.0.2",
      "resolved": "https://registry.npmjs.org/react/-/react-17.0.2.tgz",
      "integrity": "sha512-gnhPt75i/dq/z3/6q/0asP78D0u592D5L1pd7M8P+dck6Fu/jJeL6iVVK23fptSUZj8Vjf++7wXA8UNclGQcbA==",
      "dependencies": {
        "loose-envify": "^1.1.0",
        "object-assign": "^4.1.1"
      },
      "engines": {
        "node": ">=0.10.0"
      }
    },
    "node_modules/react-dom": {
      "version": "17.0.2",
      "resolved": "https://registry.npmjs.org/react-dom/-/react-dom-17.0.2.tgz",
      "integrity": "sha512-s4h96KtLDUQlsENhMn1ar8t2bEa+q/YAtj8pPPdIjPDGBDIVNsrD9aXNWqspUe6AzKCIG0C1HZZLqLV7qpOBGA==",
      "dependencies": {
        "loose-envify": "^1.1.0",
        "object-assign": "^4.1.1",
        "scheduler": "^0.20.2"
      },
      "peerDependencies": {
        "react": "17.0.2"
      }
    },
    "node_modules/regenerator-runtime": {
      "version": "0.14.0",
      "resolved": "https://registry.npmjs.org/regenerator-runtime/-/regenerator-runtime-0.14.0.tgz",
      "integrity": "sha512-srw17NI0TUWHuGa5CFGGmhfNIeja30WMBfbslPNhf6JrqQlLN5gcrvig1oqPxiVaXb0oW0XRKtH6Nngs5lKCIA==",
      "peer": true
    },
    "node_modules/safer-buffer": {
      "version": "2.1.2",
      "resolved": "https://registry.npmjs.org/safer-buffer/-/safer-buffer-2.1.2.tgz",
      "integrity": "sha512-YZo3K82SD7Riyi0E1EQPojLz7kpepnSQI9IyPbHHg1XXXevb5dJI7tpyN2ADxGcQbHG7vcyRHk0cbwqcQriUtg==",
      "dev": true
    },
    "node_modules/scheduler": {
      "version": "0.20.2",
      "resolved": "https://registry.npmjs.org/scheduler/-/scheduler-0.20.2.tgz",
      "integrity": "sha512-2eWfGgAqqWFGqtdMmcL5zCMK1U8KlXv8SQFGglL3CEtd0aDVDWgeF/YoCmvln55m5zSk3J/20hTaSBeSObsQDQ==",
      "dependencies": {
        "loose-envify": "^1.1.0",
        "object-assign": "^4.1.1"
      }
    },
    "node_modules/webidl-conversions": {
      "version": "7.0.0",
      "resolved": "https://registry.npmjs.org/webidl-conversions/-/webidl-conversions-7.0.0.tgz",
      "integrity": "sha512-VwddBukDzu71offAQR975unBIGqfKZpM+8ZX6ySk8nYhVoo5CYaZyzt3YBvYtRtO+aoGlqxPg/B87NGVZ/fu6g==",
      "dev": true,
      "engines": {
        "node": ">=12"
      }
    },
    "node_modules/whatwg-encoding": {
      "version": "2.0.0",
      "resolved": "https://registry.npmjs.org/whatwg-encoding/-/whatwg-encoding-2.0.0.tgz",
      "integrity": "sha512-p41ogyeMUrw3jWclHWTQg1k05DSVXPLcVxRTYsXUk+ZooOCZLcoYgPZ/HL/D/N+uQPOtcp1me1WhBEaX02mhWg==",
      "dev": true,
      "dependencies": {
        "iconv-lite": "0.6.3"
      },
      "engines": {
        "node": ">=12"
      }
    },
    "node_modules/whatwg-mimetype": {
      "version": "3.0.0",
      "resolved": "https://registry.npmjs.org/whatwg-mimetype/-/whatwg-mimetype-3.0.0.tgz",
      "integrity": "sha512-nt+N2dzIutVRxARx1nghPKGv1xHikU7HKdfafKkLNLindmPU/ch3U31NOCGGA/dmPcmb1VlofO0vnKAcsm0o/Q==",
      "dev": true,
      "engines": {
        "node": ">=12"
      }
    }
  }
}
